
Microsoft Visual Studio Solution File, Format Version 12.00
# Visual Studio Version 17
VisualStudioVersion = 17.1.32228.430
MinimumVisualStudioVersion = 10.0.40219.1
Project("{FAE04EC0-301F-11D3-BF4B-00C04F79EFBC}") = "TMS-Lesson-1", "TMS-Lesson-1\TMS-Lesson-1.csproj", "{247CD8DD-99FD-40AD-B2C0-D4FDD8360BD0}"
EndProject
Global
	GlobalSection(SolutionConfigurationPlatforms) = preSolution
		Debug|Any CPU = Debug|Any CPU
		Release|Any CPU = Release|Any CPU
	EndGlobalSection
	GlobalSection(ProjectConfigurationPlatforms) = postSolution
		{247CD8DD-99FD-40AD-B2C0-D4FDD8360BD0}.Debug|Any CPU.ActiveCfg = Debug|Any CPU
		{247CD8DD-99FD-40AD-B2C0-D4FDD8360BD0}.Debug|Any CPU.Build.0 = Debug|Any CPU
		{247CD8DD-99FD-40AD-B2C0-D4FDD8360BD0}.Release|Any CPU.ActiveCfg = Release|Any CPU
		{247CD8DD-99FD-40AD-B2C0-D4FDD8360BD0}.Release|Any CPU.Build.0 = Release|Any CPU
	EndGlobalSection
	GlobalSection(SolutionProperties) = preSolution
		HideSolutionNode = FALSE
	EndGlobalSection
	GlobalSection(ExtensibilityGlobals) = postSolution
		SolutionGuid = {18549F16-73A5-43E8-BD07-6A9D17B86D05}
	EndGlobalSection
EndGlobal
